
Microsoft Visual Studio Solution File, Format Version 12.00
# Visual Studio Version 17
VisualStudioVersion = 17.3.32901.215
MinimumVisualStudioVersion = 10.0.40219.1
Project("{FAE04EC0-301F-11D3-BF4B-00C04F79EFBC}") = "Grades", "Grades\Grades.csproj", "{EB4832C0-AAE0-443E-B3EF-5DB39CB44470}"
EndProject
Global
	GlobalSection(SolutionConfigurationPlatforms) = preSolution
		Debug|Any CPU = Debug|Any CPU
		Release|Any CPU = Release|Any CPU
	EndGlobalSection
	GlobalSection(ProjectConfigurationPlatforms) = postSolution
		{EB4832C0-AAE0-443E-B3EF-5DB39CB44470}.Debug|Any CPU.ActiveCfg = Debug|Any CPU
		{EB4832C0-AAE0-443E-B3EF-5DB39CB44470}.Debug|Any CPU.Build.0 = Debug|Any CPU
		{EB4832C0-AAE0-443E-B3EF-5DB39CB44470}.Release|Any CPU.ActiveCfg = Release|Any CPU
		{EB4832C0-AAE0-443E-B3EF-5DB39CB44470}.Release|Any CPU.Build.0 = Release|Any CPU
	EndGlobalSection
	GlobalSection(SolutionProperties) = preSolution
		HideSolutionNode = FALSE
	EndGlobalSection
	GlobalSection(ExtensibilityGlobals) = postSolution
		SolutionGuid = {395E438E-B5AD-45FD-B096-D554F4B5E542}
	EndGlobalSection
EndGlobal
