
Microsoft Visual Studio Solution File, Format Version 12.00
# Visual Studio Version 17
VisualStudioVersion = 17.3.32901.215
MinimumVisualStudioVersion = 10.0.40219.1
Project("{FAE04EC0-301F-11D3-BF4B-00C04F79EFBC}") = "RepeatingString", "RepeatingString\RepeatingString.csproj", "{7736E6D2-EFB8-40F7-B284-04DCB4EF10DF}"
EndProject
Global
	GlobalSection(SolutionConfigurationPlatforms) = preSolution
		Debug|Any CPU = Debug|Any CPU
		Release|Any CPU = Release|Any CPU
	EndGlobalSection
	GlobalSection(ProjectConfigurationPlatforms) = postSolution
		{7736E6D2-EFB8-40F7-B284-04DCB4EF10DF}.Debug|Any CPU.ActiveCfg = Debug|Any CPU
		{7736E6D2-EFB8-40F7-B284-04DCB4EF10DF}.Debug|Any CPU.Build.0 = Debug|Any CPU
		{7736E6D2-EFB8-40F7-B284-04DCB4EF10DF}.Release|Any CPU.ActiveCfg = Release|Any CPU
		{7736E6D2-EFB8-40F7-B284-04DCB4EF10DF}.Release|Any CPU.Build.0 = Release|Any CPU
	EndGlobalSection
	GlobalSection(SolutionProperties) = preSolution
		HideSolutionNode = FALSE
	EndGlobalSection
	GlobalSection(ExtensibilityGlobals) = postSolution
		SolutionGuid = {887FABD2-FDD3-4336-9918-2ECE01C7353B}
	EndGlobalSection
EndGlobal
