
Microsoft Visual Studio Solution File, Format Version 12.00
# Visual Studio Version 17
VisualStudioVersion = 17.3.32901.215
MinimumVisualStudioVersion = 10.0.40219.1
Project("{FAE04EC0-301F-11D3-BF4B-00C04F79EFBC}") = "ReverseArrayOfString", "ReverseArrayOfString\ReverseArrayOfString.csproj", "{8A572BC1-5D77-4602-B975-ABF695F8B84A}"
EndProject
Global
	GlobalSection(SolutionConfigurationPlatforms) = preSolution
		Debug|Any CPU = Debug|Any CPU
		Release|Any CPU = Release|Any CPU
	EndGlobalSection
	GlobalSection(ProjectConfigurationPlatforms) = postSolution
		{8A572BC1-5D77-4602-B975-ABF695F8B84A}.Debug|Any CPU.ActiveCfg = Debug|Any CPU
		{8A572BC1-5D77-4602-B975-ABF695F8B84A}.Debug|Any CPU.Build.0 = Debug|Any CPU
		{8A572BC1-5D77-4602-B975-ABF695F8B84A}.Release|Any CPU.ActiveCfg = Release|Any CPU
		{8A572BC1-5D77-4602-B975-ABF695F8B84A}.Release|Any CPU.Build.0 = Release|Any CPU
	EndGlobalSection
	GlobalSection(SolutionProperties) = preSolution
		HideSolutionNode = FALSE
	EndGlobalSection
	GlobalSection(ExtensibilityGlobals) = postSolution
		SolutionGuid = {54E69CEC-9FE6-41F4-BEEA-8B32E7710E95}
	EndGlobalSection
EndGlobal
