
Microsoft Visual Studio Solution File, Format Version 12.00
# Visual Studio Version 17
VisualStudioVersion = 17.3.32901.215
MinimumVisualStudioVersion = 10.0.40219.1
Project("{FAE04EC0-301F-11D3-BF4B-00C04F79EFBC}") = "CenturiesToMinutes", "CenturiesToMinutes\CenturiesToMinutes.csproj", "{749AEDE8-D933-4A89-AC13-B4ED7C673D74}"
EndProject
Global
	GlobalSection(SolutionConfigurationPlatforms) = preSolution
		Debug|Any CPU = Debug|Any CPU
		Release|Any CPU = Release|Any CPU
	EndGlobalSection
	GlobalSection(ProjectConfigurationPlatforms) = postSolution
		{749AEDE8-D933-4A89-AC13-B4ED7C673D74}.Debug|Any CPU.ActiveCfg = Debug|Any CPU
		{749AEDE8-D933-4A89-AC13-B4ED7C673D74}.Debug|Any CPU.Build.0 = Debug|Any CPU
		{749AEDE8-D933-4A89-AC13-B4ED7C673D74}.Release|Any CPU.ActiveCfg = Release|Any CPU
		{749AEDE8-D933-4A89-AC13-B4ED7C673D74}.Release|Any CPU.Build.0 = Release|Any CPU
	EndGlobalSection
	GlobalSection(SolutionProperties) = preSolution
		HideSolutionNode = FALSE
	EndGlobalSection
	GlobalSection(ExtensibilityGlobals) = postSolution
		SolutionGuid = {D27EC796-A752-41AB-9B9C-64A6573147D2}
	EndGlobalSection
EndGlobal
