
Microsoft Visual Studio Solution File, Format Version 12.00
# Visual Studio Version 17
VisualStudioVersion = 17.3.32901.215
MinimumVisualStudioVersion = 10.0.40219.1
Project("{FAE04EC0-301F-11D3-BF4B-00C04F79EFBC}") = "TheBiscuitFactory", "TheBiscuitFactory\TheBiscuitFactory.csproj", "{3525699F-9CB4-46DA-AD1F-C1A2722176C5}"
EndProject
Global
	GlobalSection(SolutionConfigurationPlatforms) = preSolution
		Debug|Any CPU = Debug|Any CPU
		Release|Any CPU = Release|Any CPU
	EndGlobalSection
	GlobalSection(ProjectConfigurationPlatforms) = postSolution
		{3525699F-9CB4-46DA-AD1F-C1A2722176C5}.Debug|Any CPU.ActiveCfg = Debug|Any CPU
		{3525699F-9CB4-46DA-AD1F-C1A2722176C5}.Debug|Any CPU.Build.0 = Debug|Any CPU
		{3525699F-9CB4-46DA-AD1F-C1A2722176C5}.Release|Any CPU.ActiveCfg = Release|Any CPU
		{3525699F-9CB4-46DA-AD1F-C1A2722176C5}.Release|Any CPU.Build.0 = Release|Any CPU
	EndGlobalSection
	GlobalSection(SolutionProperties) = preSolution
		HideSolutionNode = FALSE
	EndGlobalSection
	GlobalSection(ExtensibilityGlobals) = postSolution
		SolutionGuid = {27B71449-C1BC-4389-A896-94305B7B8C2B}
	EndGlobalSection
EndGlobal
