
Microsoft Visual Studio Solution File, Format Version 12.00
# Visual Studio Version 17
VisualStudioVersion = 17.3.32901.215
MinimumVisualStudioVersion = 10.0.40219.1
Project("{FAE04EC0-301F-11D3-BF4B-00C04F79EFBC}") = "SumEvenNumbers", "SumEvenNumbers\SumEvenNumbers.csproj", "{79B37463-6B74-423C-B0E8-7841E80FEADA}"
EndProject
Global
	GlobalSection(SolutionConfigurationPlatforms) = preSolution
		Debug|Any CPU = Debug|Any CPU
		Release|Any CPU = Release|Any CPU
	EndGlobalSection
	GlobalSection(ProjectConfigurationPlatforms) = postSolution
		{79B37463-6B74-423C-B0E8-7841E80FEADA}.Debug|Any CPU.ActiveCfg = Debug|Any CPU
		{79B37463-6B74-423C-B0E8-7841E80FEADA}.Debug|Any CPU.Build.0 = Debug|Any CPU
		{79B37463-6B74-423C-B0E8-7841E80FEADA}.Release|Any CPU.ActiveCfg = Release|Any CPU
		{79B37463-6B74-423C-B0E8-7841E80FEADA}.Release|Any CPU.Build.0 = Release|Any CPU
	EndGlobalSection
	GlobalSection(SolutionProperties) = preSolution
		HideSolutionNode = FALSE
	EndGlobalSection
	GlobalSection(ExtensibilityGlobals) = postSolution
		SolutionGuid = {8A4547D3-2311-4EFF-B99C-BFADA1510B3B}
	EndGlobalSection
EndGlobal
