
Microsoft Visual Studio Solution File, Format Version 12.00
# Visual Studio Version 17
VisualStudioVersion = 17.3.32901.215
MinimumVisualStudioVersion = 10.0.40219.1
Project("{FAE04EC0-301F-11D3-BF4B-00C04F79EFBC}") = "EvenNum", "EvenNum\EvenNum.csproj", "{1109D85C-7189-446B-B663-1E82C9E7145D}"
EndProject
Global
	GlobalSection(SolutionConfigurationPlatforms) = preSolution
		Debug|Any CPU = Debug|Any CPU
		Release|Any CPU = Release|Any CPU
	EndGlobalSection
	GlobalSection(ProjectConfigurationPlatforms) = postSolution
		{1109D85C-7189-446B-B663-1E82C9E7145D}.Debug|Any CPU.ActiveCfg = Debug|Any CPU
		{1109D85C-7189-446B-B663-1E82C9E7145D}.Debug|Any CPU.Build.0 = Debug|Any CPU
		{1109D85C-7189-446B-B663-1E82C9E7145D}.Release|Any CPU.ActiveCfg = Release|Any CPU
		{1109D85C-7189-446B-B663-1E82C9E7145D}.Release|Any CPU.Build.0 = Release|Any CPU
	EndGlobalSection
	GlobalSection(SolutionProperties) = preSolution
		HideSolutionNode = FALSE
	EndGlobalSection
	GlobalSection(ExtensibilityGlobals) = postSolution
		SolutionGuid = {50A6FCC3-1C9A-4D7A-B903-C46B0B428199}
	EndGlobalSection
EndGlobal
