
Microsoft Visual Studio Solution File, Format Version 12.00
# Visual Studio Version 17
VisualStudioVersion = 17.3.32901.215
MinimumVisualStudioVersion = 10.0.40219.1
Project("{FAE04EC0-301F-11D3-BF4B-00C04F79EFBC}") = "Calculations", "Calculations\Calculations.csproj", "{DF1D2704-2FAC-4A9A-9E45-DFE4D1C94661}"
EndProject
Global
	GlobalSection(SolutionConfigurationPlatforms) = preSolution
		Debug|Any CPU = Debug|Any CPU
		Release|Any CPU = Release|Any CPU
	EndGlobalSection
	GlobalSection(ProjectConfigurationPlatforms) = postSolution
		{DF1D2704-2FAC-4A9A-9E45-DFE4D1C94661}.Debug|Any CPU.ActiveCfg = Debug|Any CPU
		{DF1D2704-2FAC-4A9A-9E45-DFE4D1C94661}.Debug|Any CPU.Build.0 = Debug|Any CPU
		{DF1D2704-2FAC-4A9A-9E45-DFE4D1C94661}.Release|Any CPU.ActiveCfg = Release|Any CPU
		{DF1D2704-2FAC-4A9A-9E45-DFE4D1C94661}.Release|Any CPU.Build.0 = Release|Any CPU
	EndGlobalSection
	GlobalSection(SolutionProperties) = preSolution
		HideSolutionNode = FALSE
	EndGlobalSection
	GlobalSection(ExtensibilityGlobals) = postSolution
		SolutionGuid = {0E6F1955-DFA3-461A-8C8D-B56453D0DC6B}
	EndGlobalSection
EndGlobal
