
Microsoft Visual Studio Solution File, Format Version 12.00
# Visual Studio Version 17
VisualStudioVersion = 17.3.32901.215
MinimumVisualStudioVersion = 10.0.40219.1
Project("{FAE04EC0-301F-11D3-BF4B-00C04F79EFBC}") = "ArrayRotation", "ArrayRotation\ArrayRotation.csproj", "{79F24226-7A75-4054-8D7B-86E56D8288BF}"
EndProject
Global
	GlobalSection(SolutionConfigurationPlatforms) = preSolution
		Debug|Any CPU = Debug|Any CPU
		Release|Any CPU = Release|Any CPU
	EndGlobalSection
	GlobalSection(ProjectConfigurationPlatforms) = postSolution
		{79F24226-7A75-4054-8D7B-86E56D8288BF}.Debug|Any CPU.ActiveCfg = Debug|Any CPU
		{79F24226-7A75-4054-8D7B-86E56D8288BF}.Debug|Any CPU.Build.0 = Debug|Any CPU
		{79F24226-7A75-4054-8D7B-86E56D8288BF}.Release|Any CPU.ActiveCfg = Release|Any CPU
		{79F24226-7A75-4054-8D7B-86E56D8288BF}.Release|Any CPU.Build.0 = Release|Any CPU
	EndGlobalSection
	GlobalSection(SolutionProperties) = preSolution
		HideSolutionNode = FALSE
	EndGlobalSection
	GlobalSection(ExtensibilityGlobals) = postSolution
		SolutionGuid = {0C322356-77F8-40DA-9EB3-1D5C1296B188}
	EndGlobalSection
EndGlobal
