
Microsoft Visual Studio Solution File, Format Version 12.00
# Visual Studio Version 17
VisualStudioVersion = 17.3.32901.215
MinimumVisualStudioVersion = 10.0.40219.1
Project("{FAE04EC0-301F-11D3-BF4B-00C04F79EFBC}") = "Students", "Students\Students.csproj", "{FF1991E6-E29D-4D74-9528-E2A755D7F16B}"
EndProject
Global
	GlobalSection(SolutionConfigurationPlatforms) = preSolution
		Debug|Any CPU = Debug|Any CPU
		Release|Any CPU = Release|Any CPU
	EndGlobalSection
	GlobalSection(ProjectConfigurationPlatforms) = postSolution
		{FF1991E6-E29D-4D74-9528-E2A755D7F16B}.Debug|Any CPU.ActiveCfg = Debug|Any CPU
		{FF1991E6-E29D-4D74-9528-E2A755D7F16B}.Debug|Any CPU.Build.0 = Debug|Any CPU
		{FF1991E6-E29D-4D74-9528-E2A755D7F16B}.Release|Any CPU.ActiveCfg = Release|Any CPU
		{FF1991E6-E29D-4D74-9528-E2A755D7F16B}.Release|Any CPU.Build.0 = Release|Any CPU
	EndGlobalSection
	GlobalSection(SolutionProperties) = preSolution
		HideSolutionNode = FALSE
	EndGlobalSection
	GlobalSection(ExtensibilityGlobals) = postSolution
		SolutionGuid = {1FCB46DE-C727-47C0-83B5-C7EBD80D1835}
	EndGlobalSection
EndGlobal
