
Microsoft Visual Studio Solution File, Format Version 12.00
# Visual Studio Version 17
VisualStudioVersion = 17.3.32901.215
MinimumVisualStudioVersion = 10.0.40219.1
Project("{FAE04EC0-301F-11D3-BF4B-00C04F79EFBC}") = "PrintPartOfASCIITable", "PrintPartOfASCIITable\PrintPartOfASCIITable.csproj", "{0C080F0F-91A7-4CDD-AF31-27C3F006B154}"
EndProject
Global
	GlobalSection(SolutionConfigurationPlatforms) = preSolution
		Debug|Any CPU = Debug|Any CPU
		Release|Any CPU = Release|Any CPU
	EndGlobalSection
	GlobalSection(ProjectConfigurationPlatforms) = postSolution
		{0C080F0F-91A7-4CDD-AF31-27C3F006B154}.Debug|Any CPU.ActiveCfg = Debug|Any CPU
		{0C080F0F-91A7-4CDD-AF31-27C3F006B154}.Debug|Any CPU.Build.0 = Debug|Any CPU
		{0C080F0F-91A7-4CDD-AF31-27C3F006B154}.Release|Any CPU.ActiveCfg = Release|Any CPU
		{0C080F0F-91A7-4CDD-AF31-27C3F006B154}.Release|Any CPU.Build.0 = Release|Any CPU
	EndGlobalSection
	GlobalSection(SolutionProperties) = preSolution
		HideSolutionNode = FALSE
	EndGlobalSection
	GlobalSection(ExtensibilityGlobals) = postSolution
		SolutionGuid = {256E0D3C-A868-4C20-90A0-EC23D1F423DB}
	EndGlobalSection
EndGlobal
