
Microsoft Visual Studio Solution File, Format Version 12.00
# Visual Studio Version 17
VisualStudioVersion = 17.3.32901.215
MinimumVisualStudioVersion = 10.0.40219.1
Project("{FAE04EC0-301F-11D3-BF4B-00C04F79EFBC}") = "BeerKegs", "BeerKegs\BeerKegs.csproj", "{87AC26E4-AAB0-4893-A2DF-6E1D4527E773}"
EndProject
Global
	GlobalSection(SolutionConfigurationPlatforms) = preSolution
		Debug|Any CPU = Debug|Any CPU
		Release|Any CPU = Release|Any CPU
	EndGlobalSection
	GlobalSection(ProjectConfigurationPlatforms) = postSolution
		{87AC26E4-AAB0-4893-A2DF-6E1D4527E773}.Debug|Any CPU.ActiveCfg = Debug|Any CPU
		{87AC26E4-AAB0-4893-A2DF-6E1D4527E773}.Debug|Any CPU.Build.0 = Debug|Any CPU
		{87AC26E4-AAB0-4893-A2DF-6E1D4527E773}.Release|Any CPU.ActiveCfg = Release|Any CPU
		{87AC26E4-AAB0-4893-A2DF-6E1D4527E773}.Release|Any CPU.Build.0 = Release|Any CPU
	EndGlobalSection
	GlobalSection(SolutionProperties) = preSolution
		HideSolutionNode = FALSE
	EndGlobalSection
	GlobalSection(ExtensibilityGlobals) = postSolution
		SolutionGuid = {BB327C1A-A9EA-4B9E-B010-60BA1AF5970E}
	EndGlobalSection
EndGlobal
